
Microsoft Visual Studio Solution File, Format Version 12.00
# Visual Studio Version 16
VisualStudioVersion = 16.0.30517.126
MinimumVisualStudioVersion = 10.0.40219.1
Project("{9A19103F-16F7-4668-BE54-9A1E7A4F7556}") = "LW1", "1_Sem\LW1\LW1.csproj", "{8FE2F492-9D4C-4674-BDC8-1EE7D3E01D9A}"
EndProject
Project("{9A19103F-16F7-4668-BE54-9A1E7A4F7556}") = "LW2", "1_Sem\LW2\LW2.csproj", "{7F7AAEF5-97D5-4626-9C5C-2B2E595AC93D}"
EndProject
Project("{9A19103F-16F7-4668-BE54-9A1E7A4F7556}") = "LW3", "1_Sem\LW3\LW3.csproj", "{86069EAE-51A7-45AD-A889-E2242F2829FC}"
EndProject
Project("{9A19103F-16F7-4668-BE54-9A1E7A4F7556}") = "LW4", "1_Sem\LW4\LW4.csproj", "{B4976FB6-E4FA-45D6-A3F4-E38E0FCB2577}"
EndProject
Project("{9A19103F-16F7-4668-BE54-9A1E7A4F7556}") = "LW5", "1_Sem\LW5\LW5.csproj", "{0E3F7FD9-20B3-4CA0-B9EE-3E618FFB3921}"
EndProject
Project("{9A19103F-16F7-4668-BE54-9A1E7A4F7556}") = "LW7", "1_Sem\LW7\LW7.csproj", "{9598FD51-A32B-47E1-84D3-B89C51A423B7}"
EndProject
Project("{9A19103F-16F7-4668-BE54-9A1E7A4F7556}") = "TestLaba", "1_Sem\TestLaba\TestLaba.csproj", "{65BC9D07-6694-40E1-A1F9-995C34C4D274}"
EndProject
Project("{9A19103F-16F7-4668-BE54-9A1E7A4F7556}") = "LW8", "1_Sem\LW8\LW8.csproj", "{B5080AFA-100C-413C-930C-69DAE43819B2}"
EndProject
Project("{9A19103F-16F7-4668-BE54-9A1E7A4F7556}") = "IndependentWork", "1_Sem\IndependentWork\IndependentWork.csproj", "{B84342CE-0B8E-4352-B19A-B252E4C65387}"
EndProject
Project("{9A19103F-16F7-4668-BE54-9A1E7A4F7556}") = "LW6", "1_Sem\LW6\LW6.csproj", "{3C7F8673-94BE-4D24-B3AF-516240ADA317}"
EndProject
Project("{9A19103F-16F7-4668-BE54-9A1E7A4F7556}") = "LW10", "1_Sem\LW10\LW10.csproj", "{427A7D91-D2E8-4F4C-8F23-D5C5B2465DB6}"
EndProject
Project("{2150E333-8FDC-42A3-9474-1A3956D46DE8}") = "1_Sem", "1_Sem", "{ED543299-1AD3-43DD-933B-864DAA1913EA}"
EndProject
Project("{2150E333-8FDC-42A3-9474-1A3956D46DE8}") = "2_Sem", "2_Sem", "{FA966736-99FB-4A1D-B39C-B4AC46091002}"
EndProject
Project("{FAE04EC0-301F-11D3-BF4B-00C04F79EFBC}") = "SimpleChat", "2_Sem\SimpleChat\SimpleChat.csproj", "{FADECC7D-CA9B-496F-B99D-BE03C0212335}"
EndProject
Project("{9A19103F-16F7-4668-BE54-9A1E7A4F7556}") = "WFLaba1", "WFLaba1\WFLaba1.csproj", "{E6B1985D-8386-4474-9114-BFA43FE805F4}"
EndProject
Project("{9A19103F-16F7-4668-BE54-9A1E7A4F7556}") = "WFLaba2", "WFLaba2\WFLaba2.csproj", "{27FFFACE-B941-488D-852D-CEC9457C5B2D}"
EndProject
Project("{9A19103F-16F7-4668-BE54-9A1E7A4F7556}") = "WFLaba3", "WFLaba3\WFLaba3.csproj", "{04E8597D-CA79-4CC5-8474-88AE0AE50D3E}"
EndProject
Project("{FAE04EC0-301F-11D3-BF4B-00C04F79EFBC}") = "WPFLaba4", "WPFLaba4\WPFLaba4.csproj", "{D529F6E8-D580-4716-834F-51634C48A5E0}"
EndProject
Global
	GlobalSection(SolutionConfigurationPlatforms) = preSolution
		Debug|Any CPU = Debug|Any CPU
		Release|Any CPU = Release|Any CPU
	EndGlobalSection
	GlobalSection(ProjectConfigurationPlatforms) = postSolution
		{8FE2F492-9D4C-4674-BDC8-1EE7D3E01D9A}.Debug|Any CPU.ActiveCfg = Debug|Any CPU
		{8FE2F492-9D4C-4674-BDC8-1EE7D3E01D9A}.Debug|Any CPU.Build.0 = Debug|Any CPU
		{8FE2F492-9D4C-4674-BDC8-1EE7D3E01D9A}.Release|Any CPU.ActiveCfg = Release|Any CPU
		{8FE2F492-9D4C-4674-BDC8-1EE7D3E01D9A}.Release|Any CPU.Build.0 = Release|Any CPU
		{7F7AAEF5-97D5-4626-9C5C-2B2E595AC93D}.Debug|Any CPU.ActiveCfg = Debug|Any CPU
		{7F7AAEF5-97D5-4626-9C5C-2B2E595AC93D}.Debug|Any CPU.Build.0 = Debug|Any CPU
		{7F7AAEF5-97D5-4626-9C5C-2B2E595AC93D}.Release|Any CPU.ActiveCfg = Release|Any CPU
		{7F7AAEF5-97D5-4626-9C5C-2B2E595AC93D}.Release|Any CPU.Build.0 = Release|Any CPU
		{86069EAE-51A7-45AD-A889-E2242F2829FC}.Debug|Any CPU.ActiveCfg = Debug|Any CPU
		{86069EAE-51A7-45AD-A889-E2242F2829FC}.Debug|Any CPU.Build.0 = Debug|Any CPU
		{86069EAE-51A7-45AD-A889-E2242F2829FC}.Release|Any CPU.ActiveCfg = Release|Any CPU
		{86069EAE-51A7-45AD-A889-E2242F2829FC}.Release|Any CPU.Build.0 = Release|Any CPU
		{B4976FB6-E4FA-45D6-A3F4-E38E0FCB2577}.Debug|Any CPU.ActiveCfg = Debug|Any CPU
		{B4976FB6-E4FA-45D6-A3F4-E38E0FCB2577}.Debug|Any CPU.Build.0 = Debug|Any CPU
		{B4976FB6-E4FA-45D6-A3F4-E38E0FCB2577}.Release|Any CPU.ActiveCfg = Release|Any CPU
		{B4976FB6-E4FA-45D6-A3F4-E38E0FCB2577}.Release|Any CPU.Build.0 = Release|Any CPU
		{0E3F7FD9-20B3-4CA0-B9EE-3E618FFB3921}.Debug|Any CPU.ActiveCfg = Debug|Any CPU
		{0E3F7FD9-20B3-4CA0-B9EE-3E618FFB3921}.Debug|Any CPU.Build.0 = Debug|Any CPU
		{0E3F7FD9-20B3-4CA0-B9EE-3E618FFB3921}.Release|Any CPU.ActiveCfg = Release|Any CPU
		{0E3F7FD9-20B3-4CA0-B9EE-3E618FFB3921}.Release|Any CPU.Build.0 = Release|Any CPU
		{9598FD51-A32B-47E1-84D3-B89C51A423B7}.Debug|Any CPU.ActiveCfg = Debug|Any CPU
		{9598FD51-A32B-47E1-84D3-B89C51A423B7}.Debug|Any CPU.Build.0 = Debug|Any CPU
		{9598FD51-A32B-47E1-84D3-B89C51A423B7}.Release|Any CPU.ActiveCfg = Release|Any CPU
		{9598FD51-A32B-47E1-84D3-B89C51A423B7}.Release|Any CPU.Build.0 = Release|Any CPU
		{65BC9D07-6694-40E1-A1F9-995C34C4D274}.Debug|Any CPU.ActiveCfg = Debug|Any CPU
		{65BC9D07-6694-40E1-A1F9-995C34C4D274}.Debug|Any CPU.Build.0 = Debug|Any CPU
		{65BC9D07-6694-40E1-A1F9-995C34C4D274}.Release|Any CPU.ActiveCfg = Release|Any CPU
		{65BC9D07-6694-40E1-A1F9-995C34C4D274}.Release|Any CPU.Build.0 = Release|Any CPU
		{B5080AFA-100C-413C-930C-69DAE43819B2}.Debug|Any CPU.ActiveCfg = Debug|Any CPU
		{B5080AFA-100C-413C-930C-69DAE43819B2}.Debug|Any CPU.Build.0 = Debug|Any CPU
		{B5080AFA-100C-413C-930C-69DAE43819B2}.Release|Any CPU.ActiveCfg = Release|Any CPU
		{B5080AFA-100C-413C-930C-69DAE43819B2}.Release|Any CPU.Build.0 = Release|Any CPU
		{B84342CE-0B8E-4352-B19A-B252E4C65387}.Debug|Any CPU.ActiveCfg = Debug|Any CPU
		{B84342CE-0B8E-4352-B19A-B252E4C65387}.Debug|Any CPU.Build.0 = Debug|Any CPU
		{B84342CE-0B8E-4352-B19A-B252E4C65387}.Release|Any CPU.ActiveCfg = Release|Any CPU
		{B84342CE-0B8E-4352-B19A-B252E4C65387}.Release|Any CPU.Build.0 = Release|Any CPU
		{3C7F8673-94BE-4D24-B3AF-516240ADA317}.Debug|Any CPU.ActiveCfg = Debug|Any CPU
		{3C7F8673-94BE-4D24-B3AF-516240ADA317}.Debug|Any CPU.Build.0 = Debug|Any CPU
		{3C7F8673-94BE-4D24-B3AF-516240ADA317}.Release|Any CPU.ActiveCfg = Release|Any CPU
		{3C7F8673-94BE-4D24-B3AF-516240ADA317}.Release|Any CPU.Build.0 = Release|Any CPU
		{427A7D91-D2E8-4F4C-8F23-D5C5B2465DB6}.Debug|Any CPU.ActiveCfg = Debug|Any CPU
		{427A7D91-D2E8-4F4C-8F23-D5C5B2465DB6}.Debug|Any CPU.Build.0 = Debug|Any CPU
		{427A7D91-D2E8-4F4C-8F23-D5C5B2465DB6}.Release|Any CPU.ActiveCfg = Release|Any CPU
		{427A7D91-D2E8-4F4C-8F23-D5C5B2465DB6}.Release|Any CPU.Build.0 = Release|Any CPU
		{FADECC7D-CA9B-496F-B99D-BE03C0212335}.Debug|Any CPU.ActiveCfg = Debug|Any CPU
		{FADECC7D-CA9B-496F-B99D-BE03C0212335}.Debug|Any CPU.Build.0 = Debug|Any CPU
		{FADECC7D-CA9B-496F-B99D-BE03C0212335}.Release|Any CPU.ActiveCfg = Release|Any CPU
		{FADECC7D-CA9B-496F-B99D-BE03C0212335}.Release|Any CPU.Build.0 = Release|Any CPU
		{E6B1985D-8386-4474-9114-BFA43FE805F4}.Debug|Any CPU.ActiveCfg = Debug|Any CPU
		{E6B1985D-8386-4474-9114-BFA43FE805F4}.Debug|Any CPU.Build.0 = Debug|Any CPU
		{E6B1985D-8386-4474-9114-BFA43FE805F4}.Release|Any CPU.ActiveCfg = Release|Any CPU
		{E6B1985D-8386-4474-9114-BFA43FE805F4}.Release|Any CPU.Build.0 = Release|Any CPU
		{27FFFACE-B941-488D-852D-CEC9457C5B2D}.Debug|Any CPU.ActiveCfg = Debug|Any CPU
		{27FFFACE-B941-488D-852D-CEC9457C5B2D}.Debug|Any CPU.Build.0 = Debug|Any CPU
		{27FFFACE-B941-488D-852D-CEC9457C5B2D}.Release|Any CPU.ActiveCfg = Release|Any CPU
		{27FFFACE-B941-488D-852D-CEC9457C5B2D}.Release|Any CPU.Build.0 = Release|Any CPU
		{04E8597D-CA79-4CC5-8474-88AE0AE50D3E}.Debug|Any CPU.ActiveCfg = Debug|Any CPU
		{04E8597D-CA79-4CC5-8474-88AE0AE50D3E}.Debug|Any CPU.Build.0 = Debug|Any CPU
		{04E8597D-CA79-4CC5-8474-88AE0AE50D3E}.Release|Any CPU.ActiveCfg = Release|Any CPU
		{04E8597D-CA79-4CC5-8474-88AE0AE50D3E}.Release|Any CPU.Build.0 = Release|Any CPU
		{D529F6E8-D580-4716-834F-51634C48A5E0}.Debug|Any CPU.ActiveCfg = Debug|Any CPU
		{D529F6E8-D580-4716-834F-51634C48A5E0}.Debug|Any CPU.Build.0 = Debug|Any CPU
		{D529F6E8-D580-4716-834F-51634C48A5E0}.Release|Any CPU.ActiveCfg = Release|Any CPU
		{D529F6E8-D580-4716-834F-51634C48A5E0}.Release|Any CPU.Build.0 = Release|Any CPU
	EndGlobalSection
	GlobalSection(SolutionProperties) = preSolution
		HideSolutionNode = FALSE
	EndGlobalSection
	GlobalSection(NestedProjects) = preSolution
		{8FE2F492-9D4C-4674-BDC8-1EE7D3E01D9A} = {ED543299-1AD3-43DD-933B-864DAA1913EA}
		{7F7AAEF5-97D5-4626-9C5C-2B2E595AC93D} = {ED543299-1AD3-43DD-933B-864DAA1913EA}
		{86069EAE-51A7-45AD-A889-E2242F2829FC} = {ED543299-1AD3-43DD-933B-864DAA1913EA}
		{B4976FB6-E4FA-45D6-A3F4-E38E0FCB2577} = {ED543299-1AD3-43DD-933B-864DAA1913EA}
		{0E3F7FD9-20B3-4CA0-B9EE-3E618FFB3921} = {ED543299-1AD3-43DD-933B-864DAA1913EA}
		{9598FD51-A32B-47E1-84D3-B89C51A423B7} = {ED543299-1AD3-43DD-933B-864DAA1913EA}
		{65BC9D07-6694-40E1-A1F9-995C34C4D274} = {ED543299-1AD3-43DD-933B-864DAA1913EA}
		{B5080AFA-100C-413C-930C-69DAE43819B2} = {ED543299-1AD3-43DD-933B-864DAA1913EA}
		{B84342CE-0B8E-4352-B19A-B252E4C65387} = {ED543299-1AD3-43DD-933B-864DAA1913EA}
		{3C7F8673-94BE-4D24-B3AF-516240ADA317} = {ED543299-1AD3-43DD-933B-864DAA1913EA}
		{427A7D91-D2E8-4F4C-8F23-D5C5B2465DB6} = {ED543299-1AD3-43DD-933B-864DAA1913EA}
		{FADECC7D-CA9B-496F-B99D-BE03C0212335} = {FA966736-99FB-4A1D-B39C-B4AC46091002}
		{E6B1985D-8386-4474-9114-BFA43FE805F4} = {FA966736-99FB-4A1D-B39C-B4AC46091002}
		{27FFFACE-B941-488D-852D-CEC9457C5B2D} = {FA966736-99FB-4A1D-B39C-B4AC46091002}
		{04E8597D-CA79-4CC5-8474-88AE0AE50D3E} = {FA966736-99FB-4A1D-B39C-B4AC46091002}
		{D529F6E8-D580-4716-834F-51634C48A5E0} = {FA966736-99FB-4A1D-B39C-B4AC46091002}
	EndGlobalSection
	GlobalSection(ExtensibilityGlobals) = postSolution
		SolutionGuid = {FA2B749B-B740-4865-A6B7-792F4C9C3262}
	EndGlobalSection
EndGlobal
